
Microsoft Visual Studio Solution File, Format Version 12.00
# Visual Studio Version 17
VisualStudioVersion = 17.5.33627.172
MinimumVisualStudioVersion = 10.0.40219.1
Project("{9A19103F-16F7-4668-BE54-9A1E7A4F7556}") = "BlazorEcommerce.Server", "Server\BlazorEcommerce.Server.csproj", "{2344FF16-768D-4193-9E0C-D57E2C6FD3A7}"
EndProject
Project("{9A19103F-16F7-4668-BE54-9A1E7A4F7556}") = "BlazorEcommerce.Client", "Client\BlazorEcommerce.Client.csproj", "{7F4060AB-078A-4F6D-9C5B-CA86870F8C10}"
EndProject
Project("{9A19103F-16F7-4668-BE54-9A1E7A4F7556}") = "BlazorEcommerce.Shared", "Shared\BlazorEcommerce.Shared.csproj", "{2447CAFF-FED3-4EF7-8B9D-A187286966A2}"
EndProject
Global
	GlobalSection(SolutionConfigurationPlatforms) = preSolution
		Debug|Any CPU = Debug|Any CPU
		Release|Any CPU = Release|Any CPU
	EndGlobalSection
	GlobalSection(ProjectConfigurationPlatforms) = postSolution
		{2344FF16-768D-4193-9E0C-D57E2C6FD3A7}.Debug|Any CPU.ActiveCfg = Debug|Any CPU
		{2344FF16-768D-4193-9E0C-D57E2C6FD3A7}.Debug|Any CPU.Build.0 = Debug|Any CPU
		{2344FF16-768D-4193-9E0C-D57E2C6FD3A7}.Release|Any CPU.ActiveCfg = Release|Any CPU
		{2344FF16-768D-4193-9E0C-D57E2C6FD3A7}.Release|Any CPU.Build.0 = Release|Any CPU
		{7F4060AB-078A-4F6D-9C5B-CA86870F8C10}.Debug|Any CPU.ActiveCfg = Debug|Any CPU
		{7F4060AB-078A-4F6D-9C5B-CA86870F8C10}.Debug|Any CPU.Build.0 = Debug|Any CPU
		{7F4060AB-078A-4F6D-9C5B-CA86870F8C10}.Release|Any CPU.ActiveCfg = Release|Any CPU
		{7F4060AB-078A-4F6D-9C5B-CA86870F8C10}.Release|Any CPU.Build.0 = Release|Any CPU
		{2447CAFF-FED3-4EF7-8B9D-A187286966A2}.Debug|Any CPU.ActiveCfg = Debug|Any CPU
		{2447CAFF-FED3-4EF7-8B9D-A187286966A2}.Debug|Any CPU.Build.0 = Debug|Any CPU
		{2447CAFF-FED3-4EF7-8B9D-A187286966A2}.Release|Any CPU.ActiveCfg = Release|Any CPU
		{2447CAFF-FED3-4EF7-8B9D-A187286966A2}.Release|Any CPU.Build.0 = Release|Any CPU
	EndGlobalSection
	GlobalSection(SolutionProperties) = preSolution
		HideSolutionNode = FALSE
	EndGlobalSection
	GlobalSection(ExtensibilityGlobals) = postSolution
		SolutionGuid = {9466E926-FF5A-42B3-9FEB-A2885054C937}
	EndGlobalSection
EndGlobal
